
Microsoft Visual Studio Solution File, Format Version 12.00
# Visual Studio 2012
Project("{FAE04EC0-301F-11D3-BF4B-00C04F79EFBC}") = "1.RefacktorClassSizeAndMethodRotatedSize", "RefacktorClassSizeAndMethodRotatedSize\1.RefacktorClassSizeAndMethodRotatedSize.csproj", "{8A8D6AF1-377E-4284-9258-841940649245}"
EndProject
Project("{FAE04EC0-301F-11D3-BF4B-00C04F79EFBC}") = "2.RefactorPrintStatisticsMethod", "RefactorPrintStatisticsMethod\2.RefactorPrintStatisticsMethod.csproj", "{0C669586-8FA5-45BF-9E88-A0F1AEA26162}"
EndProject
Global
	GlobalSection(SolutionConfigurationPlatforms) = preSolution
		Debug|Any CPU = Debug|Any CPU
		Release|Any CPU = Release|Any CPU
	EndGlobalSection
	GlobalSection(ProjectConfigurationPlatforms) = postSolution
		{8A8D6AF1-377E-4284-9258-841940649245}.Debug|Any CPU.ActiveCfg = Debug|Any CPU
		{8A8D6AF1-377E-4284-9258-841940649245}.Debug|Any CPU.Build.0 = Debug|Any CPU
		{8A8D6AF1-377E-4284-9258-841940649245}.Release|Any CPU.ActiveCfg = Release|Any CPU
		{8A8D6AF1-377E-4284-9258-841940649245}.Release|Any CPU.Build.0 = Release|Any CPU
		{0C669586-8FA5-45BF-9E88-A0F1AEA26162}.Debug|Any CPU.ActiveCfg = Debug|Any CPU
		{0C669586-8FA5-45BF-9E88-A0F1AEA26162}.Debug|Any CPU.Build.0 = Debug|Any CPU
		{0C669586-8FA5-45BF-9E88-A0F1AEA26162}.Release|Any CPU.ActiveCfg = Release|Any CPU
		{0C669586-8FA5-45BF-9E88-A0F1AEA26162}.Release|Any CPU.Build.0 = Release|Any CPU
	EndGlobalSection
	GlobalSection(SolutionProperties) = preSolution
		HideSolutionNode = FALSE
	EndGlobalSection
EndGlobal
