
Microsoft Visual Studio Solution File, Format Version 12.00
# Visual Studio 2012
Project("{FAE04EC0-301F-11D3-BF4B-00C04F79EFBC}") = "Homework", "Homework\Homework.csproj", "{931E3121-935C-4479-9D8F-BACCAB4A122E}"
EndProject
Global
	GlobalSection(SolutionConfigurationPlatforms) = preSolution
		Debug|Any CPU = Debug|Any CPU
		Release|Any CPU = Release|Any CPU
	EndGlobalSection
	GlobalSection(ProjectConfigurationPlatforms) = postSolution
		{931E3121-935C-4479-9D8F-BACCAB4A122E}.Debug|Any CPU.ActiveCfg = Debug|Any CPU
		{931E3121-935C-4479-9D8F-BACCAB4A122E}.Debug|Any CPU.Build.0 = Debug|Any CPU
		{931E3121-935C-4479-9D8F-BACCAB4A122E}.Release|Any CPU.ActiveCfg = Release|Any CPU
		{931E3121-935C-4479-9D8F-BACCAB4A122E}.Release|Any CPU.Build.0 = Release|Any CPU
	EndGlobalSection
	GlobalSection(SolutionProperties) = preSolution
		HideSolutionNode = FALSE
	EndGlobalSection
EndGlobal
