
Microsoft Visual Studio Solution File, Format Version 12.00
# Visual Studio 2012
Project("{FAE04EC0-301F-11D3-BF4B-00C04F79EFBC}") = "1.CountNumberOfOccurrencesWithDictionary", "CountNumberOfOccurrencesWithDictionary\1.CountNumberOfOccurrencesWithDictionary.csproj", "{5C4E7AA0-F7CC-45FC-BBFE-06C141436F96}"
EndProject
Project("{FAE04EC0-301F-11D3-BF4B-00C04F79EFBC}") = "2.ExtractElementsThatExistEvenNumberOfThimes", "ExtractElementsThatExistEvenNumberOfThimes\2.ExtractElementsThatExistEvenNumberOfThimes.csproj", "{7B6E4EE0-E2EE-477E-BB23-F409196993B8}"
EndProject
Project("{FAE04EC0-301F-11D3-BF4B-00C04F79EFBC}") = "3.FindHowMenyTimesEachWordAppearsAndOrderThem", "FindHowMenyTimesEachWordAppearsAndOrderThem\3.FindHowMenyTimesEachWordAppearsAndOrderThem.csproj", "{97248950-6B28-4CC0-BEBA-C8B3177D7221}"
EndProject
Project("{FAE04EC0-301F-11D3-BF4B-00C04F79EFBC}") = "4.ImplementHashTable", "ImplementHashTable\4.ImplementHashTable.csproj", "{65BBE611-3D36-46A1-8F85-95B85A378645}"
EndProject
Project("{FAE04EC0-301F-11D3-BF4B-00C04F79EFBC}") = "5.ImplementHashSet", "ImplementHashSet\5.ImplementHashSet.csproj", "{D937E35C-6098-4421-A0AC-F7C57F15C87B}"
EndProject
Global
	GlobalSection(SolutionConfigurationPlatforms) = preSolution
		Debug|Any CPU = Debug|Any CPU
		Release|Any CPU = Release|Any CPU
	EndGlobalSection
	GlobalSection(ProjectConfigurationPlatforms) = postSolution
		{5C4E7AA0-F7CC-45FC-BBFE-06C141436F96}.Debug|Any CPU.ActiveCfg = Debug|Any CPU
		{5C4E7AA0-F7CC-45FC-BBFE-06C141436F96}.Debug|Any CPU.Build.0 = Debug|Any CPU
		{5C4E7AA0-F7CC-45FC-BBFE-06C141436F96}.Release|Any CPU.ActiveCfg = Release|Any CPU
		{5C4E7AA0-F7CC-45FC-BBFE-06C141436F96}.Release|Any CPU.Build.0 = Release|Any CPU
		{7B6E4EE0-E2EE-477E-BB23-F409196993B8}.Debug|Any CPU.ActiveCfg = Debug|Any CPU
		{7B6E4EE0-E2EE-477E-BB23-F409196993B8}.Debug|Any CPU.Build.0 = Debug|Any CPU
		{7B6E4EE0-E2EE-477E-BB23-F409196993B8}.Release|Any CPU.ActiveCfg = Release|Any CPU
		{7B6E4EE0-E2EE-477E-BB23-F409196993B8}.Release|Any CPU.Build.0 = Release|Any CPU
		{97248950-6B28-4CC0-BEBA-C8B3177D7221}.Debug|Any CPU.ActiveCfg = Debug|Any CPU
		{97248950-6B28-4CC0-BEBA-C8B3177D7221}.Debug|Any CPU.Build.0 = Debug|Any CPU
		{97248950-6B28-4CC0-BEBA-C8B3177D7221}.Release|Any CPU.ActiveCfg = Release|Any CPU
		{97248950-6B28-4CC0-BEBA-C8B3177D7221}.Release|Any CPU.Build.0 = Release|Any CPU
		{65BBE611-3D36-46A1-8F85-95B85A378645}.Debug|Any CPU.ActiveCfg = Debug|Any CPU
		{65BBE611-3D36-46A1-8F85-95B85A378645}.Debug|Any CPU.Build.0 = Debug|Any CPU
		{65BBE611-3D36-46A1-8F85-95B85A378645}.Release|Any CPU.ActiveCfg = Release|Any CPU
		{65BBE611-3D36-46A1-8F85-95B85A378645}.Release|Any CPU.Build.0 = Release|Any CPU
		{D937E35C-6098-4421-A0AC-F7C57F15C87B}.Debug|Any CPU.ActiveCfg = Debug|Any CPU
		{D937E35C-6098-4421-A0AC-F7C57F15C87B}.Debug|Any CPU.Build.0 = Debug|Any CPU
		{D937E35C-6098-4421-A0AC-F7C57F15C87B}.Release|Any CPU.ActiveCfg = Release|Any CPU
		{D937E35C-6098-4421-A0AC-F7C57F15C87B}.Release|Any CPU.Build.0 = Release|Any CPU
	EndGlobalSection
	GlobalSection(SolutionProperties) = preSolution
		HideSolutionNode = FALSE
	EndGlobalSection
EndGlobal
