
Microsoft Visual Studio Solution File, Format Version 12.00
# Visual Studio 2012
Project("{FAE04EC0-301F-11D3-BF4B-00C04F79EFBC}") = "CloudantAndCouchDB", "CloudantAndCouchDB\CloudantAndCouchDB.csproj", "{9046BABE-7C08-40B6-A237-3145007A8EEA}"
EndProject
Project("{FAE04EC0-301F-11D3-BF4B-00C04F79EFBC}") = "Divan", "Divan-master\Divan-master\src\Divan.csproj", "{37AC0B66-5340-4B81-BC62-3EE80233A011}"
EndProject
Global
	GlobalSection(SolutionConfigurationPlatforms) = preSolution
		Debug|Any CPU = Debug|Any CPU
		Release|Any CPU = Release|Any CPU
	EndGlobalSection
	GlobalSection(ProjectConfigurationPlatforms) = postSolution
		{9046BABE-7C08-40B6-A237-3145007A8EEA}.Debug|Any CPU.ActiveCfg = Debug|Any CPU
		{9046BABE-7C08-40B6-A237-3145007A8EEA}.Debug|Any CPU.Build.0 = Debug|Any CPU
		{9046BABE-7C08-40B6-A237-3145007A8EEA}.Release|Any CPU.ActiveCfg = Release|Any CPU
		{9046BABE-7C08-40B6-A237-3145007A8EEA}.Release|Any CPU.Build.0 = Release|Any CPU
		{37AC0B66-5340-4B81-BC62-3EE80233A011}.Debug|Any CPU.ActiveCfg = Debug|Any CPU
		{37AC0B66-5340-4B81-BC62-3EE80233A011}.Debug|Any CPU.Build.0 = Debug|Any CPU
		{37AC0B66-5340-4B81-BC62-3EE80233A011}.Release|Any CPU.ActiveCfg = Release|Any CPU
		{37AC0B66-5340-4B81-BC62-3EE80233A011}.Release|Any CPU.Build.0 = Release|Any CPU
	EndGlobalSection
	GlobalSection(SolutionProperties) = preSolution
		HideSolutionNode = FALSE
	EndGlobalSection
EndGlobal
