
Microsoft Visual Studio Solution File, Format Version 12.00
# Visual Studio 2012
Project("{FAE04EC0-301F-11D3-BF4B-00C04F79EFBC}") = "StudentsSystemModel", "StudentsSystemModel\StudentsSystemModel.csproj", "{FB11AD9E-A554-46FD-B27D-5EC088ACE303}"
EndProject
Project("{FAE04EC0-301F-11D3-BF4B-00C04F79EFBC}") = "StudentsSystemData", "StudentsSystemData\StudentsSystemData.csproj", "{F98BD337-5964-4454-BC1B-366D0EB50B04}"
EndProject
Project("{FAE04EC0-301F-11D3-BF4B-00C04F79EFBC}") = "StudentsSystemClient", "StudentsSystemClient\StudentsSystemClient.csproj", "{33ACFB3B-919A-4045-8E5F-498D37448517}"
EndProject
Global
	GlobalSection(SolutionConfigurationPlatforms) = preSolution
		Debug|Any CPU = Debug|Any CPU
		Release|Any CPU = Release|Any CPU
	EndGlobalSection
	GlobalSection(ProjectConfigurationPlatforms) = postSolution
		{FB11AD9E-A554-46FD-B27D-5EC088ACE303}.Debug|Any CPU.ActiveCfg = Debug|Any CPU
		{FB11AD9E-A554-46FD-B27D-5EC088ACE303}.Debug|Any CPU.Build.0 = Debug|Any CPU
		{FB11AD9E-A554-46FD-B27D-5EC088ACE303}.Release|Any CPU.ActiveCfg = Release|Any CPU
		{FB11AD9E-A554-46FD-B27D-5EC088ACE303}.Release|Any CPU.Build.0 = Release|Any CPU
		{F98BD337-5964-4454-BC1B-366D0EB50B04}.Debug|Any CPU.ActiveCfg = Debug|Any CPU
		{F98BD337-5964-4454-BC1B-366D0EB50B04}.Debug|Any CPU.Build.0 = Debug|Any CPU
		{F98BD337-5964-4454-BC1B-366D0EB50B04}.Release|Any CPU.ActiveCfg = Release|Any CPU
		{F98BD337-5964-4454-BC1B-366D0EB50B04}.Release|Any CPU.Build.0 = Release|Any CPU
		{33ACFB3B-919A-4045-8E5F-498D37448517}.Debug|Any CPU.ActiveCfg = Debug|Any CPU
		{33ACFB3B-919A-4045-8E5F-498D37448517}.Debug|Any CPU.Build.0 = Debug|Any CPU
		{33ACFB3B-919A-4045-8E5F-498D37448517}.Release|Any CPU.ActiveCfg = Release|Any CPU
		{33ACFB3B-919A-4045-8E5F-498D37448517}.Release|Any CPU.Build.0 = Release|Any CPU
	EndGlobalSection
	GlobalSection(SolutionProperties) = preSolution
		HideSolutionNode = FALSE
	EndGlobalSection
EndGlobal
