
Microsoft Visual Studio Solution File, Format Version 12.00
# Visual Studio 2012
Project("{FAE04EC0-301F-11D3-BF4B-00C04F79EFBC}") = "Homework", "Homework\Homework.csproj", "{C788B6BC-CF54-41BC-B72B-A8F08270DF6F}"
EndProject
Global
	GlobalSection(SolutionConfigurationPlatforms) = preSolution
		Debug|Any CPU = Debug|Any CPU
		Release|Any CPU = Release|Any CPU
	EndGlobalSection
	GlobalSection(ProjectConfigurationPlatforms) = postSolution
		{C788B6BC-CF54-41BC-B72B-A8F08270DF6F}.Debug|Any CPU.ActiveCfg = Debug|Any CPU
		{C788B6BC-CF54-41BC-B72B-A8F08270DF6F}.Debug|Any CPU.Build.0 = Debug|Any CPU
		{C788B6BC-CF54-41BC-B72B-A8F08270DF6F}.Release|Any CPU.ActiveCfg = Release|Any CPU
		{C788B6BC-CF54-41BC-B72B-A8F08270DF6F}.Release|Any CPU.Build.0 = Release|Any CPU
	EndGlobalSection
	GlobalSection(SolutionProperties) = preSolution
		HideSolutionNode = FALSE
	EndGlobalSection
EndGlobal
