
Microsoft Visual Studio Solution File, Format Version 12.00
# Visual Studio 2012
Project("{FAE04EC0-301F-11D3-BF4B-00C04F79EFBC}") = "BinaryPasswords", "BinaryPasswords\BinaryPasswords.csproj", "{E69051A7-9170-4EB8-B456-4389B86B4322}"
EndProject
Project("{FAE04EC0-301F-11D3-BF4B-00C04F79EFBC}") = "ColorfulRabbits", "ColorfulRebits\ColorfulRabbits.csproj", "{DE60056F-8B20-4120-9B7B-FF17B6D39094}"
EndProject
Global
	GlobalSection(SolutionConfigurationPlatforms) = preSolution
		Debug|Any CPU = Debug|Any CPU
		Release|Any CPU = Release|Any CPU
	EndGlobalSection
	GlobalSection(ProjectConfigurationPlatforms) = postSolution
		{E69051A7-9170-4EB8-B456-4389B86B4322}.Debug|Any CPU.ActiveCfg = Debug|Any CPU
		{E69051A7-9170-4EB8-B456-4389B86B4322}.Debug|Any CPU.Build.0 = Debug|Any CPU
		{E69051A7-9170-4EB8-B456-4389B86B4322}.Release|Any CPU.ActiveCfg = Release|Any CPU
		{E69051A7-9170-4EB8-B456-4389B86B4322}.Release|Any CPU.Build.0 = Release|Any CPU
		{DE60056F-8B20-4120-9B7B-FF17B6D39094}.Debug|Any CPU.ActiveCfg = Debug|Any CPU
		{DE60056F-8B20-4120-9B7B-FF17B6D39094}.Debug|Any CPU.Build.0 = Debug|Any CPU
		{DE60056F-8B20-4120-9B7B-FF17B6D39094}.Release|Any CPU.ActiveCfg = Release|Any CPU
		{DE60056F-8B20-4120-9B7B-FF17B6D39094}.Release|Any CPU.Build.0 = Release|Any CPU
	EndGlobalSection
	GlobalSection(SolutionProperties) = preSolution
		HideSolutionNode = FALSE
	EndGlobalSection
EndGlobal
