
Microsoft Visual Studio Solution File, Format Version 12.00
# Visual Studio 2012
Project("{FAE04EC0-301F-11D3-BF4B-00C04F79EFBC}") = "Homework", "Homework\Homework.csproj", "{A3F2969F-3E47-48CF-A7F5-6A3B178A04AD}"
EndProject
Global
	GlobalSection(SolutionConfigurationPlatforms) = preSolution
		Debug|Any CPU = Debug|Any CPU
		Release|Any CPU = Release|Any CPU
	EndGlobalSection
	GlobalSection(ProjectConfigurationPlatforms) = postSolution
		{A3F2969F-3E47-48CF-A7F5-6A3B178A04AD}.Debug|Any CPU.ActiveCfg = Debug|Any CPU
		{A3F2969F-3E47-48CF-A7F5-6A3B178A04AD}.Debug|Any CPU.Build.0 = Debug|Any CPU
		{A3F2969F-3E47-48CF-A7F5-6A3B178A04AD}.Release|Any CPU.ActiveCfg = Release|Any CPU
		{A3F2969F-3E47-48CF-A7F5-6A3B178A04AD}.Release|Any CPU.Build.0 = Release|Any CPU
	EndGlobalSection
	GlobalSection(SolutionProperties) = preSolution
		HideSolutionNode = FALSE
	EndGlobalSection
EndGlobal
