
Microsoft Visual Studio Solution File, Format Version 12.00
# Visual Studio 2012
Project("{FAE04EC0-301F-11D3-BF4B-00C04F79EFBC}") = "Log4Net", "Log4Net\Log4Net.csproj", "{431B50C1-8623-4583-B1FB-436C185903FE}"
EndProject
Project("{FAE04EC0-301F-11D3-BF4B-00C04F79EFBC}") = "T4Template", "T4Template\T4Template.csproj", "{05227A69-E5D5-4672-83D8-A6D158EE0A06}"
EndProject
Global
	GlobalSection(SolutionConfigurationPlatforms) = preSolution
		Debug|Any CPU = Debug|Any CPU
		Release|Any CPU = Release|Any CPU
	EndGlobalSection
	GlobalSection(ProjectConfigurationPlatforms) = postSolution
		{431B50C1-8623-4583-B1FB-436C185903FE}.Debug|Any CPU.ActiveCfg = Debug|Any CPU
		{431B50C1-8623-4583-B1FB-436C185903FE}.Debug|Any CPU.Build.0 = Debug|Any CPU
		{431B50C1-8623-4583-B1FB-436C185903FE}.Release|Any CPU.ActiveCfg = Release|Any CPU
		{431B50C1-8623-4583-B1FB-436C185903FE}.Release|Any CPU.Build.0 = Release|Any CPU
		{05227A69-E5D5-4672-83D8-A6D158EE0A06}.Debug|Any CPU.ActiveCfg = Debug|Any CPU
		{05227A69-E5D5-4672-83D8-A6D158EE0A06}.Debug|Any CPU.Build.0 = Debug|Any CPU
		{05227A69-E5D5-4672-83D8-A6D158EE0A06}.Release|Any CPU.ActiveCfg = Release|Any CPU
		{05227A69-E5D5-4672-83D8-A6D158EE0A06}.Release|Any CPU.Build.0 = Release|Any CPU
	EndGlobalSection
	GlobalSection(SolutionProperties) = preSolution
		HideSolutionNode = FALSE
	EndGlobalSection
EndGlobal
