
Microsoft Visual Studio Solution File, Format Version 12.00
# Visual Studio 2012
Project("{FAE04EC0-301F-11D3-BF4B-00C04F79EFBC}") = "HomeworkPhotoshop", "HomeworkPhotoshop\HomeworkPhotoshop.csproj", "{F23617A1-37AD-482C-9886-E0F760C8A438}"
EndProject
Global
	GlobalSection(SolutionConfigurationPlatforms) = preSolution
		Debug|Any CPU = Debug|Any CPU
		Release|Any CPU = Release|Any CPU
	EndGlobalSection
	GlobalSection(ProjectConfigurationPlatforms) = postSolution
		{F23617A1-37AD-482C-9886-E0F760C8A438}.Debug|Any CPU.ActiveCfg = Debug|Any CPU
		{F23617A1-37AD-482C-9886-E0F760C8A438}.Debug|Any CPU.Build.0 = Debug|Any CPU
		{F23617A1-37AD-482C-9886-E0F760C8A438}.Release|Any CPU.ActiveCfg = Release|Any CPU
		{F23617A1-37AD-482C-9886-E0F760C8A438}.Release|Any CPU.Build.0 = Release|Any CPU
	EndGlobalSection
	GlobalSection(SolutionProperties) = preSolution
		HideSolutionNode = FALSE
	EndGlobalSection
EndGlobal
