
Microsoft Visual Studio Solution File, Format Version 12.00
# Visual Studio 2012
Project("{FAE04EC0-301F-11D3-BF4B-00C04F79EFBC}") = "Homework", "Homework\Homework.csproj", "{04E48EE9-E1F4-4B50-8A9B-4639ECAD8468}"
EndProject
Global
	GlobalSection(SolutionConfigurationPlatforms) = preSolution
		Debug|Any CPU = Debug|Any CPU
		Release|Any CPU = Release|Any CPU
	EndGlobalSection
	GlobalSection(ProjectConfigurationPlatforms) = postSolution
		{04E48EE9-E1F4-4B50-8A9B-4639ECAD8468}.Debug|Any CPU.ActiveCfg = Debug|Any CPU
		{04E48EE9-E1F4-4B50-8A9B-4639ECAD8468}.Debug|Any CPU.Build.0 = Debug|Any CPU
		{04E48EE9-E1F4-4B50-8A9B-4639ECAD8468}.Release|Any CPU.ActiveCfg = Release|Any CPU
		{04E48EE9-E1F4-4B50-8A9B-4639ECAD8468}.Release|Any CPU.Build.0 = Release|Any CPU
	EndGlobalSection
	GlobalSection(SolutionProperties) = preSolution
		HideSolutionNode = FALSE
	EndGlobalSection
EndGlobal
