
Microsoft Visual Studio Solution File, Format Version 12.00
# Visual Studio 2013
VisualStudioVersion = 12.0.20623.1 VSUPREVIEW
MinimumVisualStudioVersion = 10.0.40219.1
Project("{FAE04EC0-301F-11D3-BF4B-00C04F79EFBC}") = "1.RandomNumbers", "RandomNumbers\1.RandomNumbers.csproj", "{919C510F-7FF7-4A69-BF22-84DB0E8343A8}"
EndProject
Project("{FAE04EC0-301F-11D3-BF4B-00C04F79EFBC}") = "2.RandomNumbersWebServerControlls", "RandomNumbersWebServerControlls\2.RandomNumbersWebServerControlls.csproj", "{10708F3F-04DC-4B5C-94F7-994A3FD5C9CB}"
EndProject
Project("{FAE04EC0-301F-11D3-BF4B-00C04F79EFBC}") = "3.HtmlEscaping", "HtmlEscaping\3.HtmlEscaping.csproj", "{7D3CC3DE-DAC1-4AA8-8D1D-F9F094F2C13E}"
EndProject
Project("{FAE04EC0-301F-11D3-BF4B-00C04F79EFBC}") = "4.StudentSystem", "StudentSystem\4.StudentSystem.csproj", "{255EB75D-28D8-42AE-991C-A7427E3FB4AF}"
EndProject
Project("{FAE04EC0-301F-11D3-BF4B-00C04F79EFBC}") = "Calculator", "Calculator\Calculator.csproj", "{BC2F52E2-7480-4113-A769-35EDBA3D20AE}"
EndProject
Global
	GlobalSection(SolutionConfigurationPlatforms) = preSolution
		Debug|Any CPU = Debug|Any CPU
		Release|Any CPU = Release|Any CPU
	EndGlobalSection
	GlobalSection(ProjectConfigurationPlatforms) = postSolution
		{919C510F-7FF7-4A69-BF22-84DB0E8343A8}.Debug|Any CPU.ActiveCfg = Debug|Any CPU
		{919C510F-7FF7-4A69-BF22-84DB0E8343A8}.Debug|Any CPU.Build.0 = Debug|Any CPU
		{919C510F-7FF7-4A69-BF22-84DB0E8343A8}.Release|Any CPU.ActiveCfg = Release|Any CPU
		{919C510F-7FF7-4A69-BF22-84DB0E8343A8}.Release|Any CPU.Build.0 = Release|Any CPU
		{10708F3F-04DC-4B5C-94F7-994A3FD5C9CB}.Debug|Any CPU.ActiveCfg = Debug|Any CPU
		{10708F3F-04DC-4B5C-94F7-994A3FD5C9CB}.Debug|Any CPU.Build.0 = Debug|Any CPU
		{10708F3F-04DC-4B5C-94F7-994A3FD5C9CB}.Release|Any CPU.ActiveCfg = Release|Any CPU
		{10708F3F-04DC-4B5C-94F7-994A3FD5C9CB}.Release|Any CPU.Build.0 = Release|Any CPU
		{7D3CC3DE-DAC1-4AA8-8D1D-F9F094F2C13E}.Debug|Any CPU.ActiveCfg = Debug|Any CPU
		{7D3CC3DE-DAC1-4AA8-8D1D-F9F094F2C13E}.Debug|Any CPU.Build.0 = Debug|Any CPU
		{7D3CC3DE-DAC1-4AA8-8D1D-F9F094F2C13E}.Release|Any CPU.ActiveCfg = Release|Any CPU
		{7D3CC3DE-DAC1-4AA8-8D1D-F9F094F2C13E}.Release|Any CPU.Build.0 = Release|Any CPU
		{255EB75D-28D8-42AE-991C-A7427E3FB4AF}.Debug|Any CPU.ActiveCfg = Debug|Any CPU
		{255EB75D-28D8-42AE-991C-A7427E3FB4AF}.Debug|Any CPU.Build.0 = Debug|Any CPU
		{255EB75D-28D8-42AE-991C-A7427E3FB4AF}.Release|Any CPU.ActiveCfg = Release|Any CPU
		{255EB75D-28D8-42AE-991C-A7427E3FB4AF}.Release|Any CPU.Build.0 = Release|Any CPU
		{BC2F52E2-7480-4113-A769-35EDBA3D20AE}.Debug|Any CPU.ActiveCfg = Debug|Any CPU
		{BC2F52E2-7480-4113-A769-35EDBA3D20AE}.Debug|Any CPU.Build.0 = Debug|Any CPU
		{BC2F52E2-7480-4113-A769-35EDBA3D20AE}.Release|Any CPU.ActiveCfg = Release|Any CPU
		{BC2F52E2-7480-4113-A769-35EDBA3D20AE}.Release|Any CPU.Build.0 = Release|Any CPU
	EndGlobalSection
	GlobalSection(SolutionProperties) = preSolution
		HideSolutionNode = FALSE
	EndGlobalSection
EndGlobal
