
Microsoft Visual Studio Solution File, Format Version 12.00
# Visual Studio 2012
Project("{FAE04EC0-301F-11D3-BF4B-00C04F79EFBC}") = "1.CoursesWithStudents", "CoursesWithStudents\1.CoursesWithStudents.csproj", "{1531E328-B352-49EA-A8CD-2C52E426D8C2}"
EndProject
Project("{FAE04EC0-301F-11D3-BF4B-00C04F79EFBC}") = "2.CompanyArticles", "CompanyArticles\2.CompanyArticles.csproj", "{17C5EDCB-A3CA-4FC8-A966-145AF0B208F8}"
EndProject
Project("{FAE04EC0-301F-11D3-BF4B-00C04F79EFBC}") = "3.ImplementationOfBiDictionary", "ImplementationOfBiDictionary\3.ImplementationOfBiDictionary.csproj", "{2E010781-807F-44AD-A3EF-682B71FD545C}"
EndProject
Global
	GlobalSection(SolutionConfigurationPlatforms) = preSolution
		Debug|Any CPU = Debug|Any CPU
		Release|Any CPU = Release|Any CPU
	EndGlobalSection
	GlobalSection(ProjectConfigurationPlatforms) = postSolution
		{1531E328-B352-49EA-A8CD-2C52E426D8C2}.Debug|Any CPU.ActiveCfg = Debug|Any CPU
		{1531E328-B352-49EA-A8CD-2C52E426D8C2}.Debug|Any CPU.Build.0 = Debug|Any CPU
		{1531E328-B352-49EA-A8CD-2C52E426D8C2}.Release|Any CPU.ActiveCfg = Release|Any CPU
		{1531E328-B352-49EA-A8CD-2C52E426D8C2}.Release|Any CPU.Build.0 = Release|Any CPU
		{17C5EDCB-A3CA-4FC8-A966-145AF0B208F8}.Debug|Any CPU.ActiveCfg = Debug|Any CPU
		{17C5EDCB-A3CA-4FC8-A966-145AF0B208F8}.Debug|Any CPU.Build.0 = Debug|Any CPU
		{17C5EDCB-A3CA-4FC8-A966-145AF0B208F8}.Release|Any CPU.ActiveCfg = Release|Any CPU
		{17C5EDCB-A3CA-4FC8-A966-145AF0B208F8}.Release|Any CPU.Build.0 = Release|Any CPU
		{2E010781-807F-44AD-A3EF-682B71FD545C}.Debug|Any CPU.ActiveCfg = Debug|Any CPU
		{2E010781-807F-44AD-A3EF-682B71FD545C}.Debug|Any CPU.Build.0 = Debug|Any CPU
		{2E010781-807F-44AD-A3EF-682B71FD545C}.Release|Any CPU.ActiveCfg = Release|Any CPU
		{2E010781-807F-44AD-A3EF-682B71FD545C}.Release|Any CPU.Build.0 = Release|Any CPU
	EndGlobalSection
	GlobalSection(SolutionProperties) = preSolution
		HideSolutionNode = FALSE
	EndGlobalSection
EndGlobal
