
Microsoft Visual Studio Solution File, Format Version 12.00
# Visual Studio 2013
VisualStudioVersion = 12.0.20623.1 VSUPREVIEW
MinimumVisualStudioVersion = 10.0.40219.1
Project("{FAE04EC0-301F-11D3-BF4B-00C04F79EFBC}") = "UserProfile", "UserProfile\UserProfile.csproj", "{661781EC-1F22-405F-BC46-C0167AB4C781}"
EndProject
Project("{FAE04EC0-301F-11D3-BF4B-00C04F79EFBC}") = "InternacionalCompany", "InternacionalCompany\InternacionalCompany.csproj", "{EF4279B7-B300-44C5-B6F3-588079E155F2}"
EndProject
Global
	GlobalSection(SolutionConfigurationPlatforms) = preSolution
		Debug|Any CPU = Debug|Any CPU
		Release|Any CPU = Release|Any CPU
	EndGlobalSection
	GlobalSection(ProjectConfigurationPlatforms) = postSolution
		{661781EC-1F22-405F-BC46-C0167AB4C781}.Debug|Any CPU.ActiveCfg = Debug|Any CPU
		{661781EC-1F22-405F-BC46-C0167AB4C781}.Debug|Any CPU.Build.0 = Debug|Any CPU
		{661781EC-1F22-405F-BC46-C0167AB4C781}.Release|Any CPU.ActiveCfg = Release|Any CPU
		{661781EC-1F22-405F-BC46-C0167AB4C781}.Release|Any CPU.Build.0 = Release|Any CPU
		{EF4279B7-B300-44C5-B6F3-588079E155F2}.Debug|Any CPU.ActiveCfg = Debug|Any CPU
		{EF4279B7-B300-44C5-B6F3-588079E155F2}.Debug|Any CPU.Build.0 = Debug|Any CPU
		{EF4279B7-B300-44C5-B6F3-588079E155F2}.Release|Any CPU.ActiveCfg = Release|Any CPU
		{EF4279B7-B300-44C5-B6F3-588079E155F2}.Release|Any CPU.Build.0 = Release|Any CPU
	EndGlobalSection
	GlobalSection(SolutionProperties) = preSolution
		HideSolutionNode = FALSE
	EndGlobalSection
EndGlobal
