
Microsoft Visual Studio Solution File, Format Version 12.00
# Visual Studio 2012
Project("{FAE04EC0-301F-11D3-BF4B-00C04F79EFBC}") = "HomeworkLoops", "HomeworkLoops\HomeworkLoops.csproj", "{A582793A-44CA-44E0-91AC-63A7C127FA21}"
EndProject
Global
	GlobalSection(SolutionConfigurationPlatforms) = preSolution
		Debug|Any CPU = Debug|Any CPU
		Release|Any CPU = Release|Any CPU
	EndGlobalSection
	GlobalSection(ProjectConfigurationPlatforms) = postSolution
		{A582793A-44CA-44E0-91AC-63A7C127FA21}.Debug|Any CPU.ActiveCfg = Debug|Any CPU
		{A582793A-44CA-44E0-91AC-63A7C127FA21}.Debug|Any CPU.Build.0 = Debug|Any CPU
		{A582793A-44CA-44E0-91AC-63A7C127FA21}.Release|Any CPU.ActiveCfg = Release|Any CPU
		{A582793A-44CA-44E0-91AC-63A7C127FA21}.Release|Any CPU.Build.0 = Release|Any CPU
	EndGlobalSection
	GlobalSection(SolutionProperties) = preSolution
		HideSolutionNode = FALSE
	EndGlobalSection
EndGlobal
